
Microsoft Visual Studio Solution File, Format Version 12.00
# Visual Studio Version 17
VisualStudioVersion = 17.11.35327.3
MinimumVisualStudioVersion = 10.0.40219.1
Project("{9A19103F-16F7-4668-BE54-9A1E7A4F7556}") = "MeteorologicalStationApplication", "MeteorologicalStationApplication\MeteorologicalStationApplication.csproj", "{FA9E73E4-4F78-4A28-B984-C99EEB1E76A3}"
EndProject
Project("{9A19103F-16F7-4668-BE54-9A1E7A4F7556}") = "PrimaryService", "PrimaryService\PrimaryService.csproj", "{56C687EB-CAA2-496E-89DE-6337A8136AF2}"
EndProject
Project("{9A19103F-16F7-4668-BE54-9A1E7A4F7556}") = "SecondaryService", "SecondaryService\SecondaryService.csproj", "{0A1F7496-34BE-4E9D-AA69-662B4A7CC8A5}"
EndProject
Project("{9A19103F-16F7-4668-BE54-9A1E7A4F7556}") = "Client", "Client\Client.csproj", "{435E09E8-174C-4D4D-A976-EA00020733DF}"
EndProject
Project("{FAE04EC0-301F-11D3-BF4B-00C04F79EFBC}") = "Replicator", "Replicator\Replicator.csproj", "{AF7C2A71-9144-4C45-B294-ED29E6E08D83}"
EndProject
Global
	GlobalSection(SolutionConfigurationPlatforms) = preSolution
		Debug|Any CPU = Debug|Any CPU
		Release|Any CPU = Release|Any CPU
	EndGlobalSection
	GlobalSection(ProjectConfigurationPlatforms) = postSolution
		{FA9E73E4-4F78-4A28-B984-C99EEB1E76A3}.Debug|Any CPU.ActiveCfg = Debug|Any CPU
		{FA9E73E4-4F78-4A28-B984-C99EEB1E76A3}.Debug|Any CPU.Build.0 = Debug|Any CPU
		{FA9E73E4-4F78-4A28-B984-C99EEB1E76A3}.Release|Any CPU.ActiveCfg = Release|Any CPU
		{FA9E73E4-4F78-4A28-B984-C99EEB1E76A3}.Release|Any CPU.Build.0 = Release|Any CPU
		{56C687EB-CAA2-496E-89DE-6337A8136AF2}.Debug|Any CPU.ActiveCfg = Debug|Any CPU
		{56C687EB-CAA2-496E-89DE-6337A8136AF2}.Debug|Any CPU.Build.0 = Debug|Any CPU
		{56C687EB-CAA2-496E-89DE-6337A8136AF2}.Release|Any CPU.ActiveCfg = Release|Any CPU
		{56C687EB-CAA2-496E-89DE-6337A8136AF2}.Release|Any CPU.Build.0 = Release|Any CPU
		{0A1F7496-34BE-4E9D-AA69-662B4A7CC8A5}.Debug|Any CPU.ActiveCfg = Debug|Any CPU
		{0A1F7496-34BE-4E9D-AA69-662B4A7CC8A5}.Debug|Any CPU.Build.0 = Debug|Any CPU
		{0A1F7496-34BE-4E9D-AA69-662B4A7CC8A5}.Release|Any CPU.ActiveCfg = Release|Any CPU
		{0A1F7496-34BE-4E9D-AA69-662B4A7CC8A5}.Release|Any CPU.Build.0 = Release|Any CPU
		{435E09E8-174C-4D4D-A976-EA00020733DF}.Debug|Any CPU.ActiveCfg = Debug|Any CPU
		{435E09E8-174C-4D4D-A976-EA00020733DF}.Debug|Any CPU.Build.0 = Debug|Any CPU
		{435E09E8-174C-4D4D-A976-EA00020733DF}.Release|Any CPU.ActiveCfg = Release|Any CPU
		{435E09E8-174C-4D4D-A976-EA00020733DF}.Release|Any CPU.Build.0 = Release|Any CPU
		{AF7C2A71-9144-4C45-B294-ED29E6E08D83}.Debug|Any CPU.ActiveCfg = Debug|Any CPU
		{AF7C2A71-9144-4C45-B294-ED29E6E08D83}.Debug|Any CPU.Build.0 = Debug|Any CPU
		{AF7C2A71-9144-4C45-B294-ED29E6E08D83}.Release|Any CPU.ActiveCfg = Release|Any CPU
		{AF7C2A71-9144-4C45-B294-ED29E6E08D83}.Release|Any CPU.Build.0 = Release|Any CPU
	EndGlobalSection
	GlobalSection(SolutionProperties) = preSolution
		HideSolutionNode = FALSE
	EndGlobalSection
	GlobalSection(ExtensibilityGlobals) = postSolution
		SolutionGuid = {016ABEA5-68E7-4C1F-B353-AD4A71EB92FB}
	EndGlobalSection
EndGlobal
